
Microsoft Visual Studio Solution File, Format Version 12.00
# Visual Studio Version 17
VisualStudioVersion = 17.11.35222.181
MinimumVisualStudioVersion = 10.0.40219.1
Project("{FAE04EC0-301F-11D3-BF4B-00C04F79EFBC}") = "EndPoint", "Bargheto.Ticket\EndPoint.csproj", "{B34913F1-7639-4406-A359-D401F1B47D36}"
EndProject
Project("{FAE04EC0-301F-11D3-BF4B-00C04F79EFBC}") = "Domain", "Domain\Domain.csproj", "{52A7D6AA-C039-479E-833D-1353973B94E7}"
EndProject
Project("{FAE04EC0-301F-11D3-BF4B-00C04F79EFBC}") = "Infra", "Infra\Infra.csproj", "{81D3C7AF-39B4-4113-A51C-DB80D9DF9503}"
EndProject
Project("{FAE04EC0-301F-11D3-BF4B-00C04F79EFBC}") = "Contract", "Contract\Contract.csproj", "{45C963CA-6FE2-4CD5-A706-D8A1677DA322}"
EndProject
Project("{FAE04EC0-301F-11D3-BF4B-00C04F79EFBC}") = "AppService", "AppService\AppService.csproj", "{6BC7ADF7-1CE8-4F39-AA66-86DBCEEC24F0}"
EndProject
Global
	GlobalSection(SolutionConfigurationPlatforms) = preSolution
		Debug|Any CPU = Debug|Any CPU
		Release|Any CPU = Release|Any CPU
	EndGlobalSection
	GlobalSection(ProjectConfigurationPlatforms) = postSolution
		{B34913F1-7639-4406-A359-D401F1B47D36}.Debug|Any CPU.ActiveCfg = Debug|Any CPU
		{B34913F1-7639-4406-A359-D401F1B47D36}.Debug|Any CPU.Build.0 = Debug|Any CPU
		{B34913F1-7639-4406-A359-D401F1B47D36}.Release|Any CPU.ActiveCfg = Release|Any CPU
		{B34913F1-7639-4406-A359-D401F1B47D36}.Release|Any CPU.Build.0 = Release|Any CPU
		{52A7D6AA-C039-479E-833D-1353973B94E7}.Debug|Any CPU.ActiveCfg = Debug|Any CPU
		{52A7D6AA-C039-479E-833D-1353973B94E7}.Debug|Any CPU.Build.0 = Debug|Any CPU
		{52A7D6AA-C039-479E-833D-1353973B94E7}.Release|Any CPU.ActiveCfg = Release|Any CPU
		{52A7D6AA-C039-479E-833D-1353973B94E7}.Release|Any CPU.Build.0 = Release|Any CPU
		{81D3C7AF-39B4-4113-A51C-DB80D9DF9503}.Debug|Any CPU.ActiveCfg = Debug|Any CPU
		{81D3C7AF-39B4-4113-A51C-DB80D9DF9503}.Debug|Any CPU.Build.0 = Debug|Any CPU
		{81D3C7AF-39B4-4113-A51C-DB80D9DF9503}.Release|Any CPU.ActiveCfg = Release|Any CPU
		{81D3C7AF-39B4-4113-A51C-DB80D9DF9503}.Release|Any CPU.Build.0 = Release|Any CPU
		{45C963CA-6FE2-4CD5-A706-D8A1677DA322}.Debug|Any CPU.ActiveCfg = Debug|Any CPU
		{45C963CA-6FE2-4CD5-A706-D8A1677DA322}.Debug|Any CPU.Build.0 = Debug|Any CPU
		{45C963CA-6FE2-4CD5-A706-D8A1677DA322}.Release|Any CPU.ActiveCfg = Release|Any CPU
		{45C963CA-6FE2-4CD5-A706-D8A1677DA322}.Release|Any CPU.Build.0 = Release|Any CPU
		{6BC7ADF7-1CE8-4F39-AA66-86DBCEEC24F0}.Debug|Any CPU.ActiveCfg = Debug|Any CPU
		{6BC7ADF7-1CE8-4F39-AA66-86DBCEEC24F0}.Debug|Any CPU.Build.0 = Debug|Any CPU
		{6BC7ADF7-1CE8-4F39-AA66-86DBCEEC24F0}.Release|Any CPU.ActiveCfg = Release|Any CPU
		{6BC7ADF7-1CE8-4F39-AA66-86DBCEEC24F0}.Release|Any CPU.Build.0 = Release|Any CPU
	EndGlobalSection
	GlobalSection(SolutionProperties) = preSolution
		HideSolutionNode = FALSE
	EndGlobalSection
	GlobalSection(ExtensibilityGlobals) = postSolution
		SolutionGuid = {F3D5FA3C-45E1-4F26-ACD2-6A8B3582A812}
	EndGlobalSection
EndGlobal
